// !$*UTF8*$!
{
	archiveVersion = 1;
	classes = {
	};
	objectVersion = 46;
	objects = {

/* Begin PBXBuildFile section */
		F2A887051919E6ED0005F314 /* DropDownView.m in Sources */ = {isa = PBXBuildFile; fileRef = F2A887041919E6ED0005F314 /* DropDownView.m */; };
		F2A88707191A0E6C0005F314 /* QuartzCore.framework in Frameworks */ = {isa = PBXBuildFile; fileRef = F2A88706191A0E6C0005F314 /* QuartzCore.framework */; };
		F2A8870C191A3ACE0005F314 /* SearchResult.m in Sources */ = {isa = PBXBuildFile; fileRef = F2A8870B191A3ACE0005F314 /* SearchResult.m */; };
		F2AA9F56191917CA0047BD33 /* Chapter.m in Sources */ = {isa = PBXBuildFile; fileRef = F2AA9F55191917CA0047BD33 /* Chapter.m */; };
		F2AC7AA91911009700B26810 /* ebook-glue (2).epub in Resources */ = {isa = PBXBuildFile; fileRef = F2AC7AA81911002700B26810 /* ebook-glue (2).epub */; };
		F2B15A8E1913B876003F3AA9 /* SearchWebView.m in Sources */ = {isa = PBXBuildFile; fileRef = F2B15A8D1913B876003F3AA9 /* SearchWebView.m */; };
		F2B15A911913C921003F3AA9 /* SearchWebView.js in Sources */ = {isa = PBXBuildFile; fileRef = F2B15A901913C921003F3AA9 /* SearchWebView.js */; };
		F2B15A921913C92B003F3AA9 /* SearchWebView.js in Resources */ = {isa = PBXBuildFile; fileRef = F2B15A901913C921003F3AA9 /* SearchWebView.js */; };
		F2B8C9EF190F7CE900B7152F /* Foundation.framework in Frameworks */ = {isa = PBXBuildFile; fileRef = F2B8C9EE190F7CE900B7152F /* Foundation.framework */; };
		F2B8C9F1190F7CE900B7152F /* CoreGraphics.framework in Frameworks */ = {isa = PBXBuildFile; fileRef = F2B8C9F0190F7CE900B7152F /* CoreGraphics.framework */; };
		F2B8C9F3190F7CE900B7152F /* UIKit.framework in Frameworks */ = {isa = PBXBuildFile; fileRef = F2B8C9F2190F7CE900B7152F /* UIKit.framework */; };
		F2B8C9F9190F7CE900B7152F /* InfoPlist.strings in Resources */ = {isa = PBXBuildFile; fileRef = F2B8C9F7190F7CE900B7152F /* InfoPlist.strings */; };
		F2B8C9FB190F7CE900B7152F /* main.m in Sources */ = {isa = PBXBuildFile; fileRef = F2B8C9FA190F7CE900B7152F /* main.m */; };
		F2B8C9FF190F7CE900B7152F /* AppDelegate.m in Sources */ = {isa = PBXBuildFile; fileRef = F2B8C9FE190F7CE900B7152F /* AppDelegate.m */; };
		F2B8CA02190F7CE900B7152F /* Main.storyboard in Resources */ = {isa = PBXBuildFile; fileRef = F2B8CA00190F7CE900B7152F /* Main.storyboard */; };
		F2B8CA05190F7CE900B7152F /* ViewController.m in Sources */ = {isa = PBXBuildFile; fileRef = F2B8CA04190F7CE900B7152F /* ViewController.m */; };
		F2B8CA07190F7CE900B7152F /* Images.xcassets in Resources */ = {isa = PBXBuildFile; fileRef = F2B8CA06190F7CE900B7152F /* Images.xcassets */; };
		F2B8CA0E190F7CE900B7152F /* XCTest.framework in Frameworks */ = {isa = PBXBuildFile; fileRef = F2B8CA0D190F7CE900B7152F /* XCTest.framework */; };
		F2B8CA0F190F7CE900B7152F /* Foundation.framework in Frameworks */ = {isa = PBXBuildFile; fileRef = F2B8C9EE190F7CE900B7152F /* Foundation.framework */; };
		F2B8CA10190F7CE900B7152F /* UIKit.framework in Frameworks */ = {isa = PBXBuildFile; fileRef = F2B8C9F2190F7CE900B7152F /* UIKit.framework */; };
		F2B8CA18190F7CE900B7152F /* InfoPlist.strings in Resources */ = {isa = PBXBuildFile; fileRef = F2B8CA16190F7CE900B7152F /* InfoPlist.strings */; };
		F2B8CA1A190F7CE900B7152F /* ePubSampleTests.m in Sources */ = {isa = PBXBuildFile; fileRef = F2B8CA19190F7CE900B7152F /* ePubSampleTests.m */; };
		F2B8CA74190F8EA700B7152F /* ioapi.c in Sources */ = {isa = PBXBuildFile; fileRef = F2B8CA6A190F8EA700B7152F /* ioapi.c */; };
		F2B8CA75190F8EA700B7152F /* mztools.c in Sources */ = {isa = PBXBuildFile; fileRef = F2B8CA6C190F8EA700B7152F /* mztools.c */; };
		F2B8CA76190F8EA700B7152F /* unzip.c in Sources */ = {isa = PBXBuildFile; fileRef = F2B8CA6E190F8EA700B7152F /* unzip.c */; };
		F2B8CA77190F8EA700B7152F /* zip.c in Sources */ = {isa = PBXBuildFile; fileRef = F2B8CA70190F8EA700B7152F /* zip.c */; };
		F2B8CA78190F8EA700B7152F /* ZipArchive.mm in Sources */ = {isa = PBXBuildFile; fileRef = F2B8CA73190F8EA700B7152F /* ZipArchive.mm */; settings = {COMPILER_FLAGS = "-fno-objc-arc"; }; };
		F2B8CA7A190F8F8600B7152F /* libz.1.2.5.dylib in Frameworks */ = {isa = PBXBuildFile; fileRef = F2B8CA79190F8F8600B7152F /* libz.1.2.5.dylib */; };
		F2B8CA7E190FA2EF00B7152F /* EpubContent.m in Sources */ = {isa = PBXBuildFile; fileRef = F2B8CA7D190FA2EF00B7152F /* EpubContent.m */; };
		F2B8CA82190FA30300B7152F /* XMLHandler.m in Sources */ = {isa = PBXBuildFile; fileRef = F2B8CA81190FA30300B7152F /* XMLHandler.m */; };
		F2B8CA85190FA35300B7152F /* EpubReaderViewController.m in Sources */ = {isa = PBXBuildFile; fileRef = F2B8CA84190FA35300B7152F /* EpubReaderViewController.m */; };
		F2B8CA8C190FAE2F00B7152F /* a.epub in Sources */ = {isa = PBXBuildFile; fileRef = F2B8CA8A190FAE1200B7152F /* a.epub */; };
		F2B8CA8D190FAE3400B7152F /* stoker-dracula.epub in Sources */ = {isa = PBXBuildFile; fileRef = F2B8CA8B190FAE1200B7152F /* stoker-dracula.epub */; };
		F2B8CA8E190FAFE300B7152F /* a.epub in Resources */ = {isa = PBXBuildFile; fileRef = F2B8CA8A190FAE1200B7152F /* a.epub */; };
		F2B8CA8F190FAFE300B7152F /* stoker-dracula.epub in Resources */ = {isa = PBXBuildFile; fileRef = F2B8CA8B190FAE1200B7152F /* stoker-dracula.epub */; };
		F2B8CA91190FB01000B7152F /* EpubReaderViewController.xib in Resources */ = {isa = PBXBuildFile; fileRef = F2B8CA90190FB01000B7152F /* EpubReaderViewController.xib */; };
		F2B8CA93190FB38F00B7152F /* AVFoundation.framework in Frameworks */ = {isa = PBXBuildFile; fileRef = F2B8CA92190FB38F00B7152F /* AVFoundation.framework */; };
		F2B8CA95190FC3E900B7152F /* regime-anticancer-arabic.epub in Resources */ = {isa = PBXBuildFile; fileRef = F2B8CA94190FC3E300B7152F /* regime-anticancer-arabic.epub */; };
		F2B8CA97190FD82100B7152F /* spreeframeworkoverview-130923110640-phpapp - Martin Hong.epub in Resources */ = {isa = PBXBuildFile; fileRef = F2B8CA96190FD81B00B7152F /* spreeframeworkoverview-130923110640-phpapp - Martin Hong.epub */; };
/* End PBXBuildFile section */

/* Begin PBXContainerItemProxy section */
		F2B8CA11190F7CE900B7152F /* PBXContainerItemProxy */ = {
			isa = PBXContainerItemProxy;
			containerPortal = F2B8C9E3190F7CE900B7152F /* Project object */;
			proxyType = 1;
			remoteGlobalIDString = F2B8C9EA190F7CE900B7152F;
			remoteInfo = ePubSample;
		};
/* End PBXContainerItemProxy section */

/* Begin PBXFileReference section */
		F2A887031919E6ED0005F314 /* DropDownView.h */ = {isa = PBXFileReference; fileEncoding = 4; lastKnownFileType = sourcecode.c.h; path = DropDownView.h; sourceTree = "<group>"; };
		F2A887041919E6ED0005F314 /* DropDownView.m */ = {isa = PBXFileReference; fileEncoding = 4; lastKnownFileType = sourcecode.c.objc; path = DropDownView.m; sourceTree = "<group>"; };
		F2A88706191A0E6C0005F314 /* QuartzCore.framework */ = {isa = PBXFileReference; lastKnownFileType = wrapper.framework; name = QuartzCore.framework; path = System/Library/Frameworks/QuartzCore.framework; sourceTree = SDKROOT; };
		F2A8870A191A3ACE0005F314 /* SearchResult.h */ = {isa = PBXFileReference; fileEncoding = 4; lastKnownFileType = sourcecode.c.h; path = SearchResult.h; sourceTree = "<group>"; };
		F2A8870B191A3ACE0005F314 /* SearchResult.m */ = {isa = PBXFileReference; fileEncoding = 4; lastKnownFileType = sourcecode.c.objc; path = SearchResult.m; sourceTree = "<group>"; };
		F2AA9F54191917CA0047BD33 /* Chapter.h */ = {isa = PBXFileReference; fileEncoding = 4; lastKnownFileType = sourcecode.c.h; path = Chapter.h; sourceTree = "<group>"; };
		F2AA9F55191917CA0047BD33 /* Chapter.m */ = {isa = PBXFileReference; fileEncoding = 4; lastKnownFileType = sourcecode.c.objc; path = Chapter.m; sourceTree = "<group>"; };
		F2AC7AA81911002700B26810 /* ebook-glue (2).epub */ = {isa = PBXFileReference; lastKnownFileType = file; path = "ebook-glue (2).epub"; sourceTree = "<group>"; };
		F2B15A8C1913B876003F3AA9 /* SearchWebView.h */ = {isa = PBXFileReference; fileEncoding = 4; lastKnownFileType = sourcecode.c.h; path = SearchWebView.h; sourceTree = "<group>"; };
		F2B15A8D1913B876003F3AA9 /* SearchWebView.m */ = {isa = PBXFileReference; fileEncoding = 4; lastKnownFileType = sourcecode.c.objc; path = SearchWebView.m; sourceTree = "<group>"; };
		F2B15A901913C921003F3AA9 /* SearchWebView.js */ = {isa = PBXFileReference; fileEncoding = 4; lastKnownFileType = sourcecode.javascript; path = SearchWebView.js; sourceTree = "<group>"; };
		F2B8C9EB190F7CE900B7152F /* ePubSample.app */ = {isa = PBXFileReference; explicitFileType = wrapper.application; includeInIndex = 0; path = ePubSample.app; sourceTree = BUILT_PRODUCTS_DIR; };
		F2B8C9EE190F7CE900B7152F /* Foundation.framework */ = {isa = PBXFileReference; lastKnownFileType = wrapper.framework; name = Foundation.framework; path = System/Library/Frameworks/Foundation.framework; sourceTree = SDKROOT; };
		F2B8C9F0190F7CE900B7152F /* CoreGraphics.framework */ = {isa = PBXFileReference; lastKnownFileType = wrapper.framework; name = CoreGraphics.framework; path = System/Library/Frameworks/CoreGraphics.framework; sourceTree = SDKROOT; };
		F2B8C9F2190F7CE900B7152F /* UIKit.framework */ = {isa = PBXFileReference; lastKnownFileType = wrapper.framework; name = UIKit.framework; path = System/Library/Frameworks/UIKit.framework; sourceTree = SDKROOT; };
		F2B8C9F6190F7CE900B7152F /* ePubSample-Info.plist */ = {isa = PBXFileReference; lastKnownFileType = text.plist.xml; path = "ePubSample-Info.plist"; sourceTree = "<group>"; };
		F2B8C9F8190F7CE900B7152F /* en */ = {isa = PBXFileReference; lastKnownFileType = text.plist.strings; name = en; path = en.lproj/InfoPlist.strings; sourceTree = "<group>"; };
		F2B8C9FA190F7CE900B7152F /* main.m */ = {isa = PBXFileReference; lastKnownFileType = sourcecode.c.objc; path = main.m; sourceTree = "<group>"; };
		F2B8C9FC190F7CE900B7152F /* ePubSample-Prefix.pch */ = {isa = PBXFileReference; lastKnownFileType = sourcecode.c.h; path = "ePubSample-Prefix.pch"; sourceTree = "<group>"; };
		F2B8C9FD190F7CE900B7152F /* AppDelegate.h */ = {isa = PBXFileReference; lastKnownFileType = sourcecode.c.h; path = AppDelegate.h; sourceTree = "<group>"; };
		F2B8C9FE190F7CE900B7152F /* AppDelegate.m */ = {isa = PBXFileReference; lastKnownFileType = sourcecode.c.objc; path = AppDelegate.m; sourceTree = "<group>"; };
		F2B8CA01190F7CE900B7152F /* Base */ = {isa = PBXFileReference; lastKnownFileType = file.storyboard; name = Base; path = Base.lproj/Main.storyboard; sourceTree = "<group>"; };
		F2B8CA03190F7CE900B7152F /* ViewController.h */ = {isa = PBXFileReference; lastKnownFileType = sourcecode.c.h; path = ViewController.h; sourceTree = "<group>"; };
		F2B8CA04190F7CE900B7152F /* ViewController.m */ = {isa = PBXFileReference; lastKnownFileType = sourcecode.c.objc; path = ViewController.m; sourceTree = "<group>"; };
		F2B8CA06190F7CE900B7152F /* Images.xcassets */ = {isa = PBXFileReference; lastKnownFileType = folder.assetcatalog; path = Images.xcassets; sourceTree = "<group>"; };
		F2B8CA0C190F7CE900B7152F /* ePubSampleTests.xctest */ = {isa = PBXFileReference; explicitFileType = wrapper.cfbundle; includeInIndex = 0; path = ePubSampleTests.xctest; sourceTree = BUILT_PRODUCTS_DIR; };
		F2B8CA0D190F7CE900B7152F /* XCTest.framework */ = {isa = PBXFileReference; lastKnownFileType = wrapper.framework; name = XCTest.framework; path = Library/Frameworks/XCTest.framework; sourceTree = DEVELOPER_DIR; };
		F2B8CA15190F7CE900B7152F /* ePubSampleTests-Info.plist */ = {isa = PBXFileReference; lastKnownFileType = text.plist.xml; path = "ePubSampleTests-Info.plist"; sourceTree = "<group>"; };
		F2B8CA17190F7CE900B7152F /* en */ = {isa = PBXFileReference; lastKnownFileType = text.plist.strings; name = en; path = en.lproj/InfoPlist.strings; sourceTree = "<group>"; };
		F2B8CA19190F7CE900B7152F /* ePubSampleTests.m */ = {isa = PBXFileReference; lastKnownFileType = sourcecode.c.objc; path = ePubSampleTests.m; sourceTree = "<group>"; };
		F2B8CA69190F8EA700B7152F /* crypt.h */ = {isa = PBXFileReference; fileEncoding = 4; lastKnownFileType = sourcecode.c.h; path = crypt.h; sourceTree = "<group>"; };
		F2B8CA6A190F8EA700B7152F /* ioapi.c */ = {isa = PBXFileReference; fileEncoding = 4; lastKnownFileType = sourcecode.c.c; path = ioapi.c; sourceTree = "<group>"; };
		F2B8CA6B190F8EA700B7152F /* ioapi.h */ = {isa = PBXFileReference; fileEncoding = 4; lastKnownFileType = sourcecode.c.h; path = ioapi.h; sourceTree = "<group>"; };
		F2B8CA6C190F8EA700B7152F /* mztools.c */ = {isa = PBXFileReference; fileEncoding = 4; lastKnownFileType = sourcecode.c.c; path = mztools.c; sourceTree = "<group>"; };
		F2B8CA6D190F8EA700B7152F /* mztools.h */ = {isa = PBXFileReference; fileEncoding = 4; lastKnownFileType = sourcecode.c.h; path = mztools.h; sourceTree = "<group>"; };
		F2B8CA6E190F8EA700B7152F /* unzip.c */ = {isa = PBXFileReference; fileEncoding = 4; lastKnownFileType = sourcecode.c.c; path = unzip.c; sourceTree = "<group>"; };
		F2B8CA6F190F8EA700B7152F /* unzip.h */ = {isa = PBXFileReference; fileEncoding = 4; lastKnownFileType = sourcecode.c.h; path = unzip.h; sourceTree = "<group>"; };
		F2B8CA70190F8EA700B7152F /* zip.c */ = {isa = PBXFileReference; fileEncoding = 4; lastKnownFileType = sourcecode.c.c; path = zip.c; sourceTree = "<group>"; };
		F2B8CA71190F8EA700B7152F /* zip.h */ = {isa = PBXFileReference; fileEncoding = 4; lastKnownFileType = sourcecode.c.h; path = zip.h; sourceTree = "<group>"; };
		F2B8CA72190F8EA700B7152F /* ZipArchive.h */ = {isa = PBXFileReference; fileEncoding = 4; lastKnownFileType = sourcecode.c.h; path = ZipArchive.h; sourceTree = "<group>"; };
		F2B8CA73190F8EA700B7152F /* ZipArchive.mm */ = {isa = PBXFileReference; fileEncoding = 4; lastKnownFileType = sourcecode.cpp.objcpp; path = ZipArchive.mm; sourceTree = "<group>"; };
		F2B8CA79190F8F8600B7152F /* libz.1.2.5.dylib */ = {isa = PBXFileReference; lastKnownFileType = "compiled.mach-o.dylib"; name = libz.1.2.5.dylib; path = usr/lib/libz.1.2.5.dylib; sourceTree = SDKROOT; };
		F2B8CA7C190FA2EF00B7152F /* EpubContent.h */ = {isa = PBXFileReference; fileEncoding = 4; lastKnownFileType = sourcecode.c.h; path = EpubContent.h; sourceTree = "<group>"; };
		F2B8CA7D190FA2EF00B7152F /* EpubContent.m */ = {isa = PBXFileReference; fileEncoding = 4; lastKnownFileType = sourcecode.c.objc; path = EpubContent.m; sourceTree = "<group>"; };
		F2B8CA80190FA30300B7152F /* XMLHandler.h */ = {isa = PBXFileReference; fileEncoding = 4; lastKnownFileType = sourcecode.c.h; path = XMLHandler.h; sourceTree = "<group>"; };
		F2B8CA81190FA30300B7152F /* XMLHandler.m */ = {isa = PBXFileReference; fileEncoding = 4; lastKnownFileType = sourcecode.c.objc; path = XMLHandler.m; sourceTree = "<group>"; };
		F2B8CA83190FA35300B7152F /* EpubReaderViewController.h */ = {isa = PBXFileReference; fileEncoding = 4; lastKnownFileType = sourcecode.c.h; path = EpubReaderViewController.h; sourceTree = "<group>"; };
		F2B8CA84190FA35300B7152F /* EpubReaderViewController.m */ = {isa = PBXFileReference; fileEncoding = 4; lastKnownFileType = sourcecode.c.objc; path = EpubReaderViewController.m; sourceTree = "<group>"; };
		F2B8CA8A190FAE1200B7152F /* a.epub */ = {isa = PBXFileReference; lastKnownFileType = file; path = a.epub; sourceTree = "<group>"; };
		F2B8CA8B190FAE1200B7152F /* stoker-dracula.epub */ = {isa = PBXFileReference; lastKnownFileType = file; path = "stoker-dracula.epub"; sourceTree = "<group>"; };
		F2B8CA90190FB01000B7152F /* EpubReaderViewController.xib */ = {isa = PBXFileReference; fileEncoding = 4; lastKnownFileType = file.xib; path = EpubReaderViewController.xib; sourceTree = "<group>"; };
		F2B8CA92190FB38F00B7152F /* AVFoundation.framework */ = {isa = PBXFileReference; lastKnownFileType = wrapper.framework; name = AVFoundation.framework; path = System/Library/Frameworks/AVFoundation.framework; sourceTree = SDKROOT; };
		F2B8CA94190FC3E300B7152F /* regime-anticancer-arabic.epub */ = {isa = PBXFileReference; lastKnownFileType = file; path = "regime-anticancer-arabic.epub"; sourceTree = "<group>"; };
		F2B8CA96190FD81B00B7152F /* spreeframeworkoverview-130923110640-phpapp - Martin Hong.epub */ = {isa = PBXFileReference; lastKnownFileType = file; path = "spreeframeworkoverview-130923110640-phpapp - Martin Hong.epub"; sourceTree = "<group>"; };
/* End PBXFileReference section */

/* Begin PBXFrameworksBuildPhase section */
		F2B8C9E8190F7CE900B7152F /* Frameworks */ = {
			isa = PBXFrameworksBuildPhase;
			buildActionMask = 2147483647;
			files = (
				F2A88707191A0E6C0005F314 /* QuartzCore.framework in Frameworks */,
				F2B8CA93190FB38F00B7152F /* AVFoundation.framework in Frameworks */,
				F2B8CA7A190F8F8600B7152F /* libz.1.2.5.dylib in Frameworks */,
				F2B8C9F1190F7CE900B7152F /* CoreGraphics.framework in Frameworks */,
				F2B8C9F3190F7CE900B7152F /* UIKit.framework in Frameworks */,
				F2B8C9EF190F7CE900B7152F /* Foundation.framework in Frameworks */,
			);
			runOnlyForDeploymentPostprocessing = 0;
		};
		F2B8CA09190F7CE900B7152F /* Frameworks */ = {
			isa = PBXFrameworksBuildPhase;
			buildActionMask = 2147483647;
			files = (
				F2B8CA0E190F7CE900B7152F /* XCTest.framework in Frameworks */,
				F2B8CA10190F7CE900B7152F /* UIKit.framework in Frameworks */,
				F2B8CA0F190F7CE900B7152F /* Foundation.framework in Frameworks */,
			);
			runOnlyForDeploymentPostprocessing = 0;
		};
/* End PBXFrameworksBuildPhase section */

/* Begin PBXGroup section */
		F2A887021919E6CA0005F314 /* Chapter List  */ = {
			isa = PBXGroup;
			children = (
				F2A887031919E6ED0005F314 /* DropDownView.h */,
				F2A887041919E6ED0005F314 /* DropDownView.m */,
			);
			name = "Chapter List ";
			sourceTree = "<group>";
		};
		F2A88708191A31E40005F314 /* WebView */ = {
			isa = PBXGroup;
			children = (
				F2B15A8C1913B876003F3AA9 /* SearchWebView.h */,
				F2B15A8D1913B876003F3AA9 /* SearchWebView.m */,
			);
			name = WebView;
			sourceTree = "<group>";
		};
		F2A88709191A3AAE0005F314 /* SearchResult */ = {
			isa = PBXGroup;
			children = (
				F2A8870A191A3ACE0005F314 /* SearchResult.h */,
				F2A8870B191A3ACE0005F314 /* SearchResult.m */,
			);
			name = SearchResult;
			sourceTree = "<group>";
		};
		F2AA9F531919179B0047BD33 /* Chapter */ = {
			isa = PBXGroup;
			children = (
				F2AA9F54191917CA0047BD33 /* Chapter.h */,
				F2AA9F55191917CA0047BD33 /* Chapter.m */,
			);
			name = Chapter;
			sourceTree = "<group>";
		};
		F2B8C9E2190F7CE900B7152F = {
			isa = PBXGroup;
			children = (
				F2A88709191A3AAE0005F314 /* SearchResult */,
				F2A88708191A31E40005F314 /* WebView */,
				F2A887021919E6CA0005F314 /* Chapter List  */,
				F2B15A901913C921003F3AA9 /* SearchWebView.js */,
				F2AC7AA81911002700B26810 /* ebook-glue (2).epub */,
				F2B8CA94190FC3E300B7152F /* regime-anticancer-arabic.epub */,
				F2B8CA8A190FAE1200B7152F /* a.epub */,
				F2B8CA8B190FAE1200B7152F /* stoker-dracula.epub */,
				F2B8CA96190FD81B00B7152F /* spreeframeworkoverview-130923110640-phpapp - Martin Hong.epub */,
				F2AA9F531919179B0047BD33 /* Chapter */,
				F2B8CA7F190FA2F700B7152F /* Helper */,
				F2B8CA7B190FA2CF00B7152F /* Model */,
				F2B8CA67190F8EA700B7152F /* ZipArchive */,
				F2B8C9F4190F7CE900B7152F /* ePubSample */,
				F2B8CA13190F7CE900B7152F /* ePubSampleTests */,
				F2B8C9ED190F7CE900B7152F /* Frameworks */,
				F2B8C9EC190F7CE900B7152F /* Products */,
			);
			sourceTree = "<group>";
		};
		F2B8C9EC190F7CE900B7152F /* Products */ = {
			isa = PBXGroup;
			children = (
				F2B8C9EB190F7CE900B7152F /* ePubSample.app */,
				F2B8CA0C190F7CE900B7152F /* ePubSampleTests.xctest */,
			);
			name = Products;
			sourceTree = "<group>";
		};
		F2B8C9ED190F7CE900B7152F /* Frameworks */ = {
			isa = PBXGroup;
			children = (
				F2A88706191A0E6C0005F314 /* QuartzCore.framework */,
				F2B8CA92190FB38F00B7152F /* AVFoundation.framework */,
				F2B8CA79190F8F8600B7152F /* libz.1.2.5.dylib */,
				F2B8C9EE190F7CE900B7152F /* Foundation.framework */,
				F2B8C9F0190F7CE900B7152F /* CoreGraphics.framework */,
				F2B8C9F2190F7CE900B7152F /* UIKit.framework */,
				F2B8CA0D190F7CE900B7152F /* XCTest.framework */,
			);
			name = Frameworks;
			sourceTree = "<group>";
		};
		F2B8C9F4190F7CE900B7152F /* ePubSample */ = {
			isa = PBXGroup;
			children = (
				F2B8C9FD190F7CE900B7152F /* AppDelegate.h */,
				F2B8C9FE190F7CE900B7152F /* AppDelegate.m */,
				F2B8CA00190F7CE900B7152F /* Main.storyboard */,
				F2B8CA03190F7CE900B7152F /* ViewController.h */,
				F2B8CA04190F7CE900B7152F /* ViewController.m */,
				F2B8CA83190FA35300B7152F /* EpubReaderViewController.h */,
				F2B8CA84190FA35300B7152F /* EpubReaderViewController.m */,
				F2B8CA90190FB01000B7152F /* EpubReaderViewController.xib */,
				F2B8CA06190F7CE900B7152F /* Images.xcassets */,
				F2B8C9F5190F7CE900B7152F /* Supporting Files */,
			);
			path = ePubSample;
			sourceTree = "<group>";
		};
		F2B8C9F5190F7CE900B7152F /* Supporting Files */ = {
			isa = PBXGroup;
			children = (
				F2B8C9F6190F7CE900B7152F /* ePubSample-Info.plist */,
				F2B8C9F7190F7CE900B7152F /* InfoPlist.strings */,
				F2B8C9FA190F7CE900B7152F /* main.m */,
				F2B8C9FC190F7CE900B7152F /* ePubSample-Prefix.pch */,
			);
			name = "Supporting Files";
			sourceTree = "<group>";
		};
		F2B8CA13190F7CE900B7152F /* ePubSampleTests */ = {
			isa = PBXGroup;
			children = (
				F2B8CA19190F7CE900B7152F /* ePubSampleTests.m */,
				F2B8CA14190F7CE900B7152F /* Supporting Files */,
			);
			path = ePubSampleTests;
			sourceTree = "<group>";
		};
		F2B8CA14190F7CE900B7152F /* Supporting Files */ = {
			isa = PBXGroup;
			children = (
				F2B8CA15190F7CE900B7152F /* ePubSampleTests-Info.plist */,
				F2B8CA16190F7CE900B7152F /* InfoPlist.strings */,
			);
			name = "Supporting Files";
			sourceTree = "<group>";
		};
		F2B8CA67190F8EA700B7152F /* ZipArchive */ = {
			isa = PBXGroup;
			children = (
				F2B8CA68190F8EA700B7152F /* minizip */,
				F2B8CA72190F8EA700B7152F /* ZipArchive.h */,
				F2B8CA73190F8EA700B7152F /* ZipArchive.mm */,
			);
			path = ZipArchive;
			sourceTree = "<group>";
		};
		F2B8CA68190F8EA700B7152F /* minizip */ = {
			isa = PBXGroup;
			children = (
				F2B8CA69190F8EA700B7152F /* crypt.h */,
				F2B8CA6A190F8EA700B7152F /* ioapi.c */,
				F2B8CA6B190F8EA700B7152F /* ioapi.h */,
				F2B8CA6C190F8EA700B7152F /* mztools.c */,
				F2B8CA6D190F8EA700B7152F /* mztools.h */,
				F2B8CA6E190F8EA700B7152F /* unzip.c */,
				F2B8CA6F190F8EA700B7152F /* unzip.h */,
				F2B8CA70190F8EA700B7152F /* zip.c */,
				F2B8CA71190F8EA700B7152F /* zip.h */,
			);
			path = minizip;
			sourceTree = "<group>";
		};
		F2B8CA7B190FA2CF00B7152F /* Model */ = {
			isa = PBXGroup;
			children = (
				F2B8CA7C190FA2EF00B7152F /* EpubContent.h */,
				F2B8CA7D190FA2EF00B7152F /* EpubContent.m */,
			);
			name = Model;
			sourceTree = "<group>";
		};
		F2B8CA7F190FA2F700B7152F /* Helper */ = {
			isa = PBXGroup;
			children = (
				F2B8CA80190FA30300B7152F /* XMLHandler.h */,
				F2B8CA81190FA30300B7152F /* XMLHandler.m */,
			);
			name = Helper;
			sourceTree = "<group>";
		};
/* End PBXGroup section */

/* Begin PBXNativeTarget section */
		F2B8C9EA190F7CE900B7152F /* ePubSample */ = {
			isa = PBXNativeTarget;
			buildConfigurationList = F2B8CA1D190F7CE900B7152F /* Build configuration list for PBXNativeTarget "ePubSample" */;
			buildPhases = (
				F2B8C9E7190F7CE900B7152F /* Sources */,
				F2B8C9E8190F7CE900B7152F /* Frameworks */,
				F2B8C9E9190F7CE900B7152F /* Resources */,
			);
			buildRules = (
			);
			dependencies = (
			);
			name = ePubSample;
			productName = ePubSample;
			productReference = F2B8C9EB190F7CE900B7152F /* ePubSample.app */;
			productType = "com.apple.product-type.application";
		};
		F2B8CA0B190F7CE900B7152F /* ePubSampleTests */ = {
			isa = PBXNativeTarget;
			buildConfigurationList = F2B8CA20190F7CE900B7152F /* Build configuration list for PBXNativeTarget "ePubSampleTests" */;
			buildPhases = (
				F2B8CA08190F7CE900B7152F /* Sources */,
				F2B8CA09190F7CE900B7152F /* Frameworks */,
				F2B8CA0A190F7CE900B7152F /* Resources */,
			);
			buildRules = (
			);
			dependencies = (
				F2B8CA12190F7CE900B7152F /* PBXTargetDependency */,
			);
			name = ePubSampleTests;
			productName = ePubSampleTests;
			productReference = F2B8CA0C190F7CE900B7152F /* ePubSampleTests.xctest */;
			productType = "com.apple.product-type.bundle.unit-test";
		};
/* End PBXNativeTarget section */

/* Begin PBXProject section */
		F2B8C9E3190F7CE900B7152F /* Project object */ = {
			isa = PBXProject;
			attributes = {
				LastUpgradeCheck = 0510;
				ORGANIZATIONNAME = Nuevalgo;
				TargetAttributes = {
					F2B8CA0B190F7CE900B7152F = {
						TestTargetID = F2B8C9EA190F7CE900B7152F;
					};
				};
			};
			buildConfigurationList = F2B8C9E6190F7CE900B7152F /* Build configuration list for PBXProject "ePubSample" */;
			compatibilityVersion = "Xcode 3.2";
			developmentRegion = English;
			hasScannedForEncodings = 0;
			knownRegions = (
				en,
				Base,
			);
			mainGroup = F2B8C9E2190F7CE900B7152F;
			productRefGroup = F2B8C9EC190F7CE900B7152F /* Products */;
			projectDirPath = "";
			projectRoot = "";
			targets = (
				F2B8C9EA190F7CE900B7152F /* ePubSample */,
				F2B8CA0B190F7CE900B7152F /* ePubSampleTests */,
			);
		};
/* End PBXProject section */

/* Begin PBXResourcesBuildPhase section */
		F2B8C9E9190F7CE900B7152F /* Resources */ = {
			isa = PBXResourcesBuildPhase;
			buildActionMask = 2147483647;
			files = (
				F2B15A921913C92B003F3AA9 /* SearchWebView.js in Resources */,
				F2AC7AA91911009700B26810 /* ebook-glue (2).epub in Resources */,
				F2B8CA97190FD82100B7152F /* spreeframeworkoverview-130923110640-phpapp - Martin Hong.epub in Resources */,
				F2B8CA95190FC3E900B7152F /* regime-anticancer-arabic.epub in Resources */,
				F2B8CA8E190FAFE300B7152F /* a.epub in Resources */,
				F2B8CA91190FB01000B7152F /* EpubReaderViewController.xib in Resources */,
				F2B8CA8F190FAFE300B7152F /* stoker-dracula.epub in Resources */,
				F2B8CA07190F7CE900B7152F /* Images.xcassets in Resources */,
				F2B8C9F9190F7CE900B7152F /* InfoPlist.strings in Resources */,
				F2B8CA02190F7CE900B7152F /* Main.storyboard in Resources */,
			);
			runOnlyForDeploymentPostprocessing = 0;
		};
		F2B8CA0A190F7CE900B7152F /* Resources */ = {
			isa = PBXResourcesBuildPhase;
			buildActionMask = 2147483647;
			files = (
				F2B8CA18190F7CE900B7152F /* InfoPlist.strings in Resources */,
			);
			runOnlyForDeploymentPostprocessing = 0;
		};
/* End PBXResourcesBuildPhase section */

/* Begin PBXSourcesBuildPhase section */
		F2B8C9E7190F7CE900B7152F /* Sources */ = {
			isa = PBXSourcesBuildPhase;
			buildActionMask = 2147483647;
			files = (
				F2A8870C191A3ACE0005F314 /* SearchResult.m in Sources */,
				F2B8CA8D190FAE3400B7152F /* stoker-dracula.epub in Sources */,
				F2B8CA8C190FAE2F00B7152F /* a.epub in Sources */,
				F2A887051919E6ED0005F314 /* DropDownView.m in Sources */,
				F2B15A8E1913B876003F3AA9 /* SearchWebView.m in Sources */,
				F2B8CA76190F8EA700B7152F /* unzip.c in Sources */,
				F2B8CA05190F7CE900B7152F /* ViewController.m in Sources */,
				F2B8CA78190F8EA700B7152F /* ZipArchive.mm in Sources */,
				F2B8C9FF190F7CE900B7152F /* AppDelegate.m in Sources */,
				F2B8CA7E190FA2EF00B7152F /* EpubContent.m in Sources */,
				F2B8CA74190F8EA700B7152F /* ioapi.c in Sources */,
				F2B8CA77190F8EA700B7152F /* zip.c in Sources */,
				F2B8C9FB190F7CE900B7152F /* main.m in Sources */,
				F2AA9F56191917CA0047BD33 /* Chapter.m in Sources */,
				F2B8CA82190FA30300B7152F /* XMLHandler.m in Sources */,
				F2B8CA85190FA35300B7152F /* EpubReaderViewController.m in Sources */,
				F2B8CA75190F8EA700B7152F /* mztools.c in Sources */,
				F2B15A911913C921003F3AA9 /* SearchWebView.js in Sources */,
			);
			runOnlyForDeploymentPostprocessing = 0;
		};
		F2B8CA08190F7CE900B7152F /* Sources */ = {
			isa = PBXSourcesBuildPhase;
			buildActionMask = 2147483647;
			files = (
				F2B8CA1A190F7CE900B7152F /* ePubSampleTests.m in Sources */,
			);
			runOnlyForDeploymentPostprocessing = 0;
		};
/* End PBXSourcesBuildPhase section */

/* Begin PBXTargetDependency section */
		F2B8CA12190F7CE900B7152F /* PBXTargetDependency */ = {
			isa = PBXTargetDependency;
			target = F2B8C9EA190F7CE900B7152F /* ePubSample */;
			targetProxy = F2B8CA11190F7CE900B7152F /* PBXContainerItemProxy */;
		};
/* End PBXTargetDependency section */

/* Begin PBXVariantGroup section */
		F2B8C9F7190F7CE900B7152F /* InfoPlist.strings */ = {
			isa = PBXVariantGroup;
			children = (
				F2B8C9F8190F7CE900B7152F /* en */,
			);
			name = InfoPlist.strings;
			sourceTree = "<group>";
		};
		F2B8CA00190F7CE900B7152F /* Main.storyboard */ = {
			isa = PBXVariantGroup;
			children = (
				F2B8CA01190F7CE900B7152F /* Base */,
			);
			name = Main.storyboard;
			sourceTree = "<group>";
		};
		F2B8CA16190F7CE900B7152F /* InfoPlist.strings */ = {
			isa = PBXVariantGroup;
			children = (
				F2B8CA17190F7CE900B7152F /* en */,
			);
			name = InfoPlist.strings;
			sourceTree = "<group>";
		};
/* End PBXVariantGroup section */

/* Begin XCBuildConfiguration section */
		F2B8CA1B190F7CE900B7152F /* Debug */ = {
			isa = XCBuildConfiguration;
			buildSettings = {
				ALWAYS_SEARCH_USER_PATHS = NO;
				CLANG_CXX_LANGUAGE_STANDARD = "gnu++0x";
				CLANG_CXX_LIBRARY = "libc++";
				CLANG_ENABLE_MODULES = YES;
				CLANG_ENABLE_OBJC_ARC = YES;
				CLANG_WARN_BOOL_CONVERSION = YES;
				CLANG_WARN_CONSTANT_CONVERSION = YES;
				CLANG_WARN_DIRECT_OBJC_ISA_USAGE = YES_ERROR;
				CLANG_WARN_EMPTY_BODY = YES;
				CLANG_WARN_ENUM_CONVERSION = YES;
				CLANG_WARN_INT_CONVERSION = YES;
				CLANG_WARN_OBJC_ROOT_CLASS = YES_ERROR;
				CLANG_WARN__DUPLICATE_METHOD_MATCH = YES;
				"CODE_SIGN_IDENTITY[sdk=iphoneos*]" = "iPhone Developer";
				COPY_PHASE_STRIP = NO;
				GCC_C_LANGUAGE_STANDARD = gnu99;
				GCC_DYNAMIC_NO_PIC = NO;
				GCC_OPTIMIZATION_LEVEL = 0;
				GCC_PREPROCESSOR_DEFINITIONS = (
					"DEBUG=1",
					"$(inherited)",
				);
				GCC_SYMBOLS_PRIVATE_EXTERN = NO;
				GCC_WARN_64_TO_32_BIT_CONVERSION = YES;
				GCC_WARN_ABOUT_RETURN_TYPE = YES_ERROR;
				GCC_WARN_UNDECLARED_SELECTOR = YES;
				GCC_WARN_UNINITIALIZED_AUTOS = YES_AGGRESSIVE;
				GCC_WARN_UNUSED_FUNCTION = YES;
				GCC_WARN_UNUSED_VARIABLE = YES;
				IPHONEOS_DEPLOYMENT_TARGET = 7.1;
				ONLY_ACTIVE_ARCH = YES;
				SDKROOT = iphoneos;
			};
			name = Debug;
		};
		F2B8CA1C190F7CE900B7152F /* Release */ = {
			isa = XCBuildConfiguration;
			buildSettings = {
				ALWAYS_SEARCH_USER_PATHS = NO;
				CLANG_CXX_LANGUAGE_STANDARD = "gnu++0x";
				CLANG_CXX_LIBRARY = "libc++";
				CLANG_ENABLE_MODULES = YES;
				CLANG_ENABLE_OBJC_ARC = YES;
				CLANG_WARN_BOOL_CONVERSION = YES;
				CLANG_WARN_CONSTANT_CONVERSION = YES;
				CLANG_WARN_DIRECT_OBJC_ISA_USAGE = YES_ERROR;
				CLANG_WARN_EMPTY_BODY = YES;
				CLANG_WARN_ENUM_CONVERSION = YES;
				CLANG_WARN_INT_CONVERSION = YES;
				CLANG_WARN_OBJC_ROOT_CLASS = YES_ERROR;
				CLANG_WARN__DUPLICATE_METHOD_MATCH = YES;
				"CODE_SIGN_IDENTITY[sdk=iphoneos*]" = "iPhone Developer";
				COPY_PHASE_STRIP = YES;
				ENABLE_NS_ASSERTIONS = NO;
				GCC_C_LANGUAGE_STANDARD = gnu99;
				GCC_WARN_64_TO_32_BIT_CONVERSION = YES;
				GCC_WARN_ABOUT_RETURN_TYPE = YES_ERROR;
				GCC_WARN_UNDECLARED_SELECTOR = YES;
				GCC_WARN_UNINITIALIZED_AUTOS = YES_AGGRESSIVE;
				GCC_WARN_UNUSED_FUNCTION = YES;
				GCC_WARN_UNUSED_VARIABLE = YES;
				IPHONEOS_DEPLOYMENT_TARGET = 7.1;
				SDKROOT = iphoneos;
				VALIDATE_PRODUCT = YES;
			};
			name = Release;
		};
		F2B8CA1E190F7CE900B7152F /* Debug */ = {
			isa = XCBuildConfiguration;
			buildSettings = {
				ASSETCATALOG_COMPILER_APPICON_NAME = AppIcon;
				ASSETCATALOG_COMPILER_LAUNCHIMAGE_NAME = LaunchImage;
				GCC_PRECOMPILE_PREFIX_HEADER = YES;
				GCC_PREFIX_HEADER = "ePubSample/ePubSample-Prefix.pch";
				INFOPLIST_FILE = "ePubSample/ePubSample-Info.plist";
				PRODUCT_NAME = "$(TARGET_NAME)";
				WRAPPER_EXTENSION = app;
			};
			name = Debug;
		};
		F2B8CA1F190F7CE900B7152F /* Release */ = {
			isa = XCBuildConfiguration;
			buildSettings = {
				ASSETCATALOG_COMPILER_APPICON_NAME = AppIcon;
				ASSETCATALOG_COMPILER_LAUNCHIMAGE_NAME = LaunchImage;
				GCC_PRECOMPILE_PREFIX_HEADER = YES;
				GCC_PREFIX_HEADER = "ePubSample/ePubSample-Prefix.pch";
				INFOPLIST_FILE = "ePubSample/ePubSample-Info.plist";
				PRODUCT_NAME = "$(TARGET_NAME)";
				WRAPPER_EXTENSION = app;
			};
			name = Release;
		};
		F2B8CA21190F7CE900B7152F /* Debug */ = {
			isa = XCBuildConfiguration;
			buildSettings = {
				BUNDLE_LOADER = "$(BUILT_PRODUCTS_DIR)/ePubSample.app/ePubSample";
				FRAMEWORK_SEARCH_PATHS = (
					"$(SDKROOT)/Developer/Library/Frameworks",
					"$(inherited)",
					"$(DEVELOPER_FRAMEWORKS_DIR)",
				);
				GCC_PRECOMPILE_PREFIX_HEADER = YES;
				GCC_PREFIX_HEADER = "ePubSample/ePubSample-Prefix.pch";
				GCC_PREPROCESSOR_DEFINITIONS = (
					"DEBUG=1",
					"$(inherited)",
				);
				INFOPLIST_FILE = "ePubSampleTests/ePubSampleTests-Info.plist";
				PRODUCT_NAME = "$(TARGET_NAME)";
				TEST_HOST = "$(BUNDLE_LOADER)";
				WRAPPER_EXTENSION = xctest;
			};
			name = Debug;
		};
		F2B8CA22190F7CE900B7152F /* Release */ = {
			isa = XCBuildConfiguration;
			buildSettings = {
				BUNDLE_LOADER = "$(BUILT_PRODUCTS_DIR)/ePubSample.app/ePubSample";
				FRAMEWORK_SEARCH_PATHS = (
					"$(SDKROOT)/Developer/Library/Frameworks",
					"$(inherited)",
					"$(DEVELOPER_FRAMEWORKS_DIR)",
				);
				GCC_PRECOMPILE_PREFIX_HEADER = YES;
				GCC_PREFIX_HEADER = "ePubSample/ePubSample-Prefix.pch";
				INFOPLIST_FILE = "ePubSampleTests/ePubSampleTests-Info.plist";
				PRODUCT_NAME = "$(TARGET_NAME)";
				TEST_HOST = "$(BUNDLE_LOADER)";
				WRAPPER_EXTENSION = xctest;
			};
			name = Release;
		};
/* End XCBuildConfiguration section */

/* Begin XCConfigurationList section */
		F2B8C9E6190F7CE900B7152F /* Build configuration list for PBXProject "ePubSample" */ = {
			isa = XCConfigurationList;
			buildConfigurations = (
				F2B8CA1B190F7CE900B7152F /* Debug */,
				F2B8CA1C190F7CE900B7152F /* Release */,
			);
			defaultConfigurationIsVisible = 0;
			defaultConfigurationName = Release;
		};
		F2B8CA1D190F7CE900B7152F /* Build configuration list for PBXNativeTarget "ePubSample" */ = {
			isa = XCConfigurationList;
			buildConfigurations = (
				F2B8CA1E190F7CE900B7152F /* Debug */,
				F2B8CA1F190F7CE900B7152F /* Release */,
			);
			defaultConfigurationIsVisible = 0;
			defaultConfigurationName = Release;
		};
		F2B8CA20190F7CE900B7152F /* Build configuration list for PBXNativeTarget "ePubSampleTests" */ = {
			isa = XCConfigurationList;
			buildConfigurations = (
				F2B8CA21190F7CE900B7152F /* Debug */,
				F2B8CA22190F7CE900B7152F /* Release */,
			);
			defaultConfigurationIsVisible = 0;
			defaultConfigurationName = Release;
		};
/* End XCConfigurationList section */
	};
	rootObject = F2B8C9E3190F7CE900B7152F /* Project object */;
}
